# THIS IS AN AUTOGENERATED FILE. DO NOT EDIT THIS FILE DIRECTLY.
# yarn lockfile v1


radash@^12.1.1:
  version "12.1.1"
  resolved "https://registry.yarnpkg.com/radash/-/radash-12.1.1.tgz#4858a08a04318a07d6d92d17d11b7528938edd93"
  integrity sha512-h36JMxKRqrAxVD8201FrCpyeNuUY9Y5zZwujr20fFO77tpUtGa6EZzfKw/3WaiBX95fq7+MpsuMLNdSnORAwSA==
